
Microsoft Visual Studio Solution File, Format Version 12.00
# Visual Studio Version 17
VisualStudioVersion = 17.9.34526.213
MinimumVisualStudioVersion = 10.0.40219.1
Project("{9A19103F-16F7-4668-BE54-9A1E7A4F7556}") = "NethereumFaucet", "NethereumFaucet\NethereumFaucet.csproj", "{9E67DD66-C5BF-4F8C-B1C2-072E6F2ED8EF}"
EndProject
Global
	GlobalSection(SolutionConfigurationPlatforms) = preSolution
		Debug|Any CPU = Debug|Any CPU
		Release|Any CPU = Release|Any CPU
	EndGlobalSection
	GlobalSection(ProjectConfigurationPlatforms) = postSolution
		{9E67DD66-C5BF-4F8C-B1C2-072E6F2ED8EF}.Debug|Any CPU.ActiveCfg = Debug|Any CPU
		{9E67DD66-C5BF-4F8C-B1C2-072E6F2ED8EF}.Debug|Any CPU.Build.0 = Debug|Any CPU
		{9E67DD66-C5BF-4F8C-B1C2-072E6F2ED8EF}.Release|Any CPU.ActiveCfg = Release|Any CPU
		{9E67DD66-C5BF-4F8C-B1C2-072E6F2ED8EF}.Release|Any CPU.Build.0 = Release|Any CPU
	EndGlobalSection
	GlobalSection(SolutionProperties) = preSolution
		HideSolutionNode = FALSE
	EndGlobalSection
	GlobalSection(ExtensibilityGlobals) = postSolution
		SolutionGuid = {8F117A14-2D7A-48F2-939F-CBD293E99788}
	EndGlobalSection
EndGlobal
